
Microsoft Visual Studio Solution File, Format Version 12.00
# Visual Studio Version 16
VisualStudioVersion = 16.0.29209.62
MinimumVisualStudioVersion = 10.0.40219.1
Project("{F184B08F-C81C-45F6-A57F-5ABD9991F28F}") = "201700598_Tienda", "201700598_Tienda\201700598_Tienda.vbproj", "{D22F83DA-7B58-4357-8A6C-91A4F1906363}"
EndProject
Global
	GlobalSection(SolutionConfigurationPlatforms) = preSolution
		Debug|Any CPU = Debug|Any CPU
		Release|Any CPU = Release|Any CPU
	EndGlobalSection
	GlobalSection(ProjectConfigurationPlatforms) = postSolution
		{D22F83DA-7B58-4357-8A6C-91A4F1906363}.Debug|Any CPU.ActiveCfg = Debug|Any CPU
		{D22F83DA-7B58-4357-8A6C-91A4F1906363}.Debug|Any CPU.Build.0 = Debug|Any CPU
		{D22F83DA-7B58-4357-8A6C-91A4F1906363}.Release|Any CPU.ActiveCfg = Release|Any CPU
		{D22F83DA-7B58-4357-8A6C-91A4F1906363}.Release|Any CPU.Build.0 = Release|Any CPU
	EndGlobalSection
	GlobalSection(SolutionProperties) = preSolution
		HideSolutionNode = FALSE
	EndGlobalSection
	GlobalSection(ExtensibilityGlobals) = postSolution
		SolutionGuid = {9E5038DC-F7CE-4A65-91D4-B08006C3EA06}
	EndGlobalSection
EndGlobal
