
Microsoft Visual Studio Solution File, Format Version 12.00
# Visual Studio Version 17
VisualStudioVersion = 17.0.32112.339
MinimumVisualStudioVersion = 10.0.40219.1
Project("{F184B08F-C81C-45F6-A57F-5ABD9991F28F}") = "201700598_Autos", "201700598_Autos.vbproj", "{52834021-D7EA-4976-860A-45DEB8256E83}"
EndProject
Global
	GlobalSection(SolutionConfigurationPlatforms) = preSolution
		Debug|Any CPU = Debug|Any CPU
		Release|Any CPU = Release|Any CPU
	EndGlobalSection
	GlobalSection(ProjectConfigurationPlatforms) = postSolution
		{52834021-D7EA-4976-860A-45DEB8256E83}.Debug|Any CPU.ActiveCfg = Debug|Any CPU
		{52834021-D7EA-4976-860A-45DEB8256E83}.Debug|Any CPU.Build.0 = Debug|Any CPU
		{52834021-D7EA-4976-860A-45DEB8256E83}.Release|Any CPU.ActiveCfg = Release|Any CPU
		{52834021-D7EA-4976-860A-45DEB8256E83}.Release|Any CPU.Build.0 = Release|Any CPU
	EndGlobalSection
	GlobalSection(SolutionProperties) = preSolution
		HideSolutionNode = FALSE
	EndGlobalSection
	GlobalSection(ExtensibilityGlobals) = postSolution
		SolutionGuid = {A245F0F1-4616-40B1-B88D-F28016B3C917}
	EndGlobalSection
EndGlobal
